Microsoft Visual Studio Solution File, Format Version 12.00
# Visual Studio Version 17
VisualStudioVersion = 17.5.2.0
MinimumVisualStudioVersion = 10.0.40219.1
Project("{FAE04EC0-301F-11D3-BF4B-00C04F79EFBC}") = "StudentAPI", "StudentAPI.csproj", "{8D14652B-E403-0644-5C1C-139401D8A146}"
EndProject
Global
	GlobalSection(SolutionConfigurationPlatforms) = preSolution
		Debug|Any CPU = Debug|Any CPU
		Release|Any CPU = Release|Any CPU
	EndGlobalSection
	GlobalSection(ProjectConfigurationPlatforms) = postSolution
		{8D14652B-E403-0644-5C1C-139401D8A146}.Debug|Any CPU.ActiveCfg = Debug|Any CPU
		{8D14652B-E403-0644-5C1C-139401D8A146}.Debug|Any CPU.Build.0 = Debug|Any CPU
		{8D14652B-E403-0644-5C1C-139401D8A146}.Release|Any CPU.ActiveCfg = Release|Any CPU
		{8D14652B-E403-0644-5C1C-139401D8A146}.Release|Any CPU.Build.0 = Release|Any CPU
	EndGlobalSection
	GlobalSection(SolutionProperties) = preSolution
		HideSolutionNode = FALSE
	EndGlobalSection
	GlobalSection(ExtensibilityGlobals) = postSolution
		SolutionGuid = {07919FF1-5CF8-459E-8125-8D38CE799FD2}
	EndGlobalSection
EndGlobal
